
Microsoft Visual Studio Solution File, Format Version 12.00
# Visual Studio Version 16
VisualStudioVersion = 16.0.810.6
MinimumVisualStudioVersion = 10.0.40219.1
Project("{2150E333-8FDC-42A3-9474-1A3956D46DE8}") = "Services", "Services", "{5B33D2A4-3A21-4B29-A33B-1FD340540916}"
EndProject
Project("{2150E333-8FDC-42A3-9474-1A3956D46DE8}") = "Utilities", "Utilities", "{27AFFF17-5052-44C4-B5A3-4FB976593A0A}"
EndProject
Project("{2150E333-8FDC-42A3-9474-1A3956D46DE8}") = "Authentification", "Authentification", "{31D051F6-4991-4EE7-8170-0C92105E341B}"
EndProject
Project("{2150E333-8FDC-42A3-9474-1A3956D46DE8}") = "Gateway", "Gateway", "{0F969B9D-3D07-44D8-AA74-BFE47D50A9CB}"
EndProject
Project("{FAE04EC0-301F-11D3-BF4B-00C04F79EFBC}") = "ProductServiceAPI", "ProductService\ProductServiceAPI.csproj", "{6F60264D-0603-42E9-86C2-DF736CDC338E}"
EndProject
Project("{FAE04EC0-301F-11D3-BF4B-00C04F79EFBC}") = "InvoiceServiceAPI", "InvoiceService\InvoiceServiceAPI.csproj", "{BA465ABE-0160-44A8-8EEE-8BCE9E95080B}"
EndProject
Project("{FAE04EC0-301F-11D3-BF4B-00C04F79EFBC}") = "DataAccessLib", "DataAccessLib\DataAccessLib.csproj", "{C2FBDF50-9C90-4759-A72D-93B6D56DA35E}"
EndProject
Project("{FAE04EC0-301F-11D3-BF4B-00C04F79EFBC}") = "GatewayAPI", "GatewayAPI\GatewayAPI.csproj", "{EF7888F5-8A54-402F-80BE-C3D7DE9BB94B}"
EndProject
Project("{FAE04EC0-301F-11D3-BF4B-00C04F79EFBC}") = "AuthLib", "AuthLib\AuthLib.csproj", "{DF627D4A-35A9-455B-8705-2B8A5DBFBE8E}"
EndProject
Project("{2150E333-8FDC-42A3-9474-1A3956D46DE8}") = "Core", "Core", "{E018248C-6101-4422-9F4E-1449458FF53F}"
EndProject
Project("{FAE04EC0-301F-11D3-BF4B-00C04F79EFBC}") = "ProductServiceLib", "ProductServiceLib\ProductServiceLib.csproj", "{0953F66E-9010-48C5-8402-BAC0FA4A9972}"
EndProject
Project("{FAE04EC0-301F-11D3-BF4B-00C04F79EFBC}") = "DTO_ProductService", "DTO_ProductService\DTO_ProductService.csproj", "{5B4396E2-55E3-4BF2-A0DD-BDD6AD905036}"
EndProject
Project("{E53339B2-1760-4266-BCC7-CA923CBCF16C}") = "docker-compose", "docker-compose.dcproj", "{5D36FE86-1A6E-4B7C-8682-7587A97B2A53}"
EndProject
Project("{FAE04EC0-301F-11D3-BF4B-00C04F79EFBC}") = "InvoiceServiceLib", "InvoiceServiceLib\InvoiceServiceLib.csproj", "{3093F67C-F468-4BC2-A10E-9914370EC4BB}"
EndProject
Project("{FAE04EC0-301F-11D3-BF4B-00C04F79EFBC}") = "DTO_InvoiceService", "DTO_InvoiceService\DTO_InvoiceService.csproj", "{F1BBBA9F-A438-4803-8540-D041CEC1087D}"
EndProject
Project("{2150E333-8FDC-42A3-9474-1A3956D46DE8}") = "Solution Items", "Solution Items", "{54520BF7-0422-4B78-A9BD-FE5567EB4B7E}"
	ProjectSection(SolutionItems) = preProject
		Dockerfile = Dockerfile
	EndProjectSection
EndProject
Global
	GlobalSection(SolutionConfigurationPlatforms) = preSolution
		Debug|Any CPU = Debug|Any CPU
		Release|Any CPU = Release|Any CPU
	EndGlobalSection
	GlobalSection(ProjectConfigurationPlatforms) = postSolution
		{6F60264D-0603-42E9-86C2-DF736CDC338E}.Debug|Any CPU.ActiveCfg = Debug|Any CPU
		{6F60264D-0603-42E9-86C2-DF736CDC338E}.Debug|Any CPU.Build.0 = Debug|Any CPU
		{6F60264D-0603-42E9-86C2-DF736CDC338E}.Release|Any CPU.ActiveCfg = Release|Any CPU
		{6F60264D-0603-42E9-86C2-DF736CDC338E}.Release|Any CPU.Build.0 = Release|Any CPU
		{BA465ABE-0160-44A8-8EEE-8BCE9E95080B}.Debug|Any CPU.ActiveCfg = Debug|Any CPU
		{BA465ABE-0160-44A8-8EEE-8BCE9E95080B}.Debug|Any CPU.Build.0 = Debug|Any CPU
		{BA465ABE-0160-44A8-8EEE-8BCE9E95080B}.Release|Any CPU.ActiveCfg = Release|Any CPU
		{BA465ABE-0160-44A8-8EEE-8BCE9E95080B}.Release|Any CPU.Build.0 = Release|Any CPU
		{C2FBDF50-9C90-4759-A72D-93B6D56DA35E}.Debug|Any CPU.ActiveCfg = Debug|Any CPU
		{C2FBDF50-9C90-4759-A72D-93B6D56DA35E}.Debug|Any CPU.Build.0 = Debug|Any CPU
		{C2FBDF50-9C90-4759-A72D-93B6D56DA35E}.Release|Any CPU.ActiveCfg = Release|Any CPU
		{C2FBDF50-9C90-4759-A72D-93B6D56DA35E}.Release|Any CPU.Build.0 = Release|Any CPU
		{EF7888F5-8A54-402F-80BE-C3D7DE9BB94B}.Debug|Any CPU.ActiveCfg = Debug|Any CPU
		{EF7888F5-8A54-402F-80BE-C3D7DE9BB94B}.Debug|Any CPU.Build.0 = Debug|Any CPU
		{EF7888F5-8A54-402F-80BE-C3D7DE9BB94B}.Release|Any CPU.ActiveCfg = Release|Any CPU
		{EF7888F5-8A54-402F-80BE-C3D7DE9BB94B}.Release|Any CPU.Build.0 = Release|Any CPU
		{DF627D4A-35A9-455B-8705-2B8A5DBFBE8E}.Debug|Any CPU.ActiveCfg = Debug|Any CPU
		{DF627D4A-35A9-455B-8705-2B8A5DBFBE8E}.Debug|Any CPU.Build.0 = Debug|Any CPU
		{DF627D4A-35A9-455B-8705-2B8A5DBFBE8E}.Release|Any CPU.ActiveCfg = Release|Any CPU
		{DF627D4A-35A9-455B-8705-2B8A5DBFBE8E}.Release|Any CPU.Build.0 = Release|Any CPU
		{0953F66E-9010-48C5-8402-BAC0FA4A9972}.Debug|Any CPU.ActiveCfg = Debug|Any CPU
		{0953F66E-9010-48C5-8402-BAC0FA4A9972}.Debug|Any CPU.Build.0 = Debug|Any CPU
		{0953F66E-9010-48C5-8402-BAC0FA4A9972}.Release|Any CPU.ActiveCfg = Release|Any CPU
		{0953F66E-9010-48C5-8402-BAC0FA4A9972}.Release|Any CPU.Build.0 = Release|Any CPU
		{5B4396E2-55E3-4BF2-A0DD-BDD6AD905036}.Debug|Any CPU.ActiveCfg = Debug|Any CPU
		{5B4396E2-55E3-4BF2-A0DD-BDD6AD905036}.Debug|Any CPU.Build.0 = Debug|Any CPU
		{5B4396E2-55E3-4BF2-A0DD-BDD6AD905036}.Release|Any CPU.ActiveCfg = Release|Any CPU
		{5B4396E2-55E3-4BF2-A0DD-BDD6AD905036}.Release|Any CPU.Build.0 = Release|Any CPU
		{5D36FE86-1A6E-4B7C-8682-7587A97B2A53}.Debug|Any CPU.ActiveCfg = Debug|Any CPU
		{5D36FE86-1A6E-4B7C-8682-7587A97B2A53}.Debug|Any CPU.Build.0 = Debug|Any CPU
		{5D36FE86-1A6E-4B7C-8682-7587A97B2A53}.Release|Any CPU.ActiveCfg = Release|Any CPU
		{5D36FE86-1A6E-4B7C-8682-7587A97B2A53}.Release|Any CPU.Build.0 = Release|Any CPU
		{3093F67C-F468-4BC2-A10E-9914370EC4BB}.Debug|Any CPU.ActiveCfg = Debug|Any CPU
		{3093F67C-F468-4BC2-A10E-9914370EC4BB}.Debug|Any CPU.Build.0 = Debug|Any CPU
		{3093F67C-F468-4BC2-A10E-9914370EC4BB}.Release|Any CPU.ActiveCfg = Release|Any CPU
		{3093F67C-F468-4BC2-A10E-9914370EC4BB}.Release|Any CPU.Build.0 = Release|Any CPU
		{F1BBBA9F-A438-4803-8540-D041CEC1087D}.Debug|Any CPU.ActiveCfg = Debug|Any CPU
		{F1BBBA9F-A438-4803-8540-D041CEC1087D}.Debug|Any CPU.Build.0 = Debug|Any CPU
		{F1BBBA9F-A438-4803-8540-D041CEC1087D}.Release|Any CPU.ActiveCfg = Release|Any CPU
		{F1BBBA9F-A438-4803-8540-D041CEC1087D}.Release|Any CPU.Build.0 = Release|Any CPU
	EndGlobalSection
	GlobalSection(SolutionProperties) = preSolution
		HideSolutionNode = FALSE
	EndGlobalSection
	GlobalSection(ExtensibilityGlobals) = postSolution
		SolutionGuid = {C590E102-8388-4494-A34D-F31E0847D1EF}
	EndGlobalSection
	GlobalSection(NestedProjects) = preSolution
		{6F60264D-0603-42E9-86C2-DF736CDC338E} = {5B33D2A4-3A21-4B29-A33B-1FD340540916}
		{BA465ABE-0160-44A8-8EEE-8BCE9E95080B} = {5B33D2A4-3A21-4B29-A33B-1FD340540916}
		{C2FBDF50-9C90-4759-A72D-93B6D56DA35E} = {27AFFF17-5052-44C4-B5A3-4FB976593A0A}
		{EF7888F5-8A54-402F-80BE-C3D7DE9BB94B} = {0F969B9D-3D07-44D8-AA74-BFE47D50A9CB}
		{DF627D4A-35A9-455B-8705-2B8A5DBFBE8E} = {31D051F6-4991-4EE7-8170-0C92105E341B}
		{0953F66E-9010-48C5-8402-BAC0FA4A9972} = {E018248C-6101-4422-9F4E-1449458FF53F}
		{5B4396E2-55E3-4BF2-A0DD-BDD6AD905036} = {27AFFF17-5052-44C4-B5A3-4FB976593A0A}
		{3093F67C-F468-4BC2-A10E-9914370EC4BB} = {E018248C-6101-4422-9F4E-1449458FF53F}
		{F1BBBA9F-A438-4803-8540-D041CEC1087D} = {27AFFF17-5052-44C4-B5A3-4FB976593A0A}
	EndGlobalSection
EndGlobal
